
Microsoft Visual Studio Solution File, Format Version 12.00
# Visual Studio 15
Project("{FAE04EC0-301F-11D3-BF4B-00C04F79EFBC}") = "Assembly-CSharp", "Assembly-CSharp.csproj", "{B015A06B-4F0F-2336-6659-2D916D42F94A}"
EndProject
Project("{FAE04EC0-301F-11D3-BF4B-00C04F79EFBC}") = "RTLTMPro", "RTLTMPro.csproj", "{F7215F89-4849-4CC2-EB08-A08A52094A6D}"
EndProject
Project("{FAE04EC0-301F-11D3-BF4B-00C04F79EFBC}") = "Assembly-CSharp-firstpass", "Assembly-CSharp-firstpass.csproj", "{C0D6BBB9-7AE1-9145-B529-152F0766EEF1}"
EndProject
Project("{FAE04EC0-301F-11D3-BF4B-00C04F79EFBC}") = "RTLTMPro-Tests", "RTLTMPro-Tests.csproj", "{347D38B8-9043-B87C-634B-6E7F7014A813}"
EndProject
Project("{FAE04EC0-301F-11D3-BF4B-00C04F79EFBC}") = "RTLTMPro-Editor", "RTLTMPro-Editor.csproj", "{512BE49D-7990-7DDE-6374-3C7DCA59F303}"
EndProject
Global
	GlobalSection(SolutionConfigurationPlatforms) = preSolution
		Debug|Any CPU = Debug|Any CPU
		Release|Any CPU = Release|Any CPU
	EndGlobalSection
	GlobalSection(ProjectConfigurationPlatforms) = postSolution
		{B015A06B-4F0F-2336-6659-2D916D42F94A}.Debug|Any CPU.ActiveCfg = Debug|Any CPU
		{B015A06B-4F0F-2336-6659-2D916D42F94A}.Debug|Any CPU.Build.0 = Debug|Any CPU
		{B015A06B-4F0F-2336-6659-2D916D42F94A}.Release|Any CPU.ActiveCfg = Release|Any CPU
		{B015A06B-4F0F-2336-6659-2D916D42F94A}.Release|Any CPU.Build.0 = Release|Any CPU
		{F7215F89-4849-4CC2-EB08-A08A52094A6D}.Debug|Any CPU.ActiveCfg = Debug|Any CPU
		{F7215F89-4849-4CC2-EB08-A08A52094A6D}.Debug|Any CPU.Build.0 = Debug|Any CPU
		{F7215F89-4849-4CC2-EB08-A08A52094A6D}.Release|Any CPU.ActiveCfg = Release|Any CPU
		{F7215F89-4849-4CC2-EB08-A08A52094A6D}.Release|Any CPU.Build.0 = Release|Any CPU
		{C0D6BBB9-7AE1-9145-B529-152F0766EEF1}.Debug|Any CPU.ActiveCfg = Debug|Any CPU
		{C0D6BBB9-7AE1-9145-B529-152F0766EEF1}.Debug|Any CPU.Build.0 = Debug|Any CPU
		{C0D6BBB9-7AE1-9145-B529-152F0766EEF1}.Release|Any CPU.ActiveCfg = Release|Any CPU
		{C0D6BBB9-7AE1-9145-B529-152F0766EEF1}.Release|Any CPU.Build.0 = Release|Any CPU
		{347D38B8-9043-B87C-634B-6E7F7014A813}.Debug|Any CPU.ActiveCfg = Debug|Any CPU
		{347D38B8-9043-B87C-634B-6E7F7014A813}.Debug|Any CPU.Build.0 = Debug|Any CPU
		{347D38B8-9043-B87C-634B-6E7F7014A813}.Release|Any CPU.ActiveCfg = Release|Any CPU
		{347D38B8-9043-B87C-634B-6E7F7014A813}.Release|Any CPU.Build.0 = Release|Any CPU
		{512BE49D-7990-7DDE-6374-3C7DCA59F303}.Debug|Any CPU.ActiveCfg = Debug|Any CPU
		{512BE49D-7990-7DDE-6374-3C7DCA59F303}.Debug|Any CPU.Build.0 = Debug|Any CPU
		{512BE49D-7990-7DDE-6374-3C7DCA59F303}.Release|Any CPU.ActiveCfg = Release|Any CPU
		{512BE49D-7990-7DDE-6374-3C7DCA59F303}.Release|Any CPU.Build.0 = Release|Any CPU
	EndGlobalSection
	GlobalSection(SolutionProperties) = preSolution
		HideSolutionNode = FALSE
	EndGlobalSection
EndGlobal
